{
  "name": "AdvancementPack",
  "lockfileVersion": 3,
  "requires": true,
  "packages": {
    "": {
      "dependencies": {
        "@bedrock-oss/bedrock-boost": "^2.0.1",
        "@bedrock-oss/stylish": "^0.0.3",
        "@minecraft/server": "^2.4.0",
        "@minecraft/server-ui": "^2.0.0"
      }
    },
    "node_modules/@bedrock-oss/bedrock-boost": {
      "version": "2.0.1",
      "resolved": "https://registry.npmjs.org/@bedrock-oss/bedrock-boost/-/bedrock-boost-2.0.1.tgz",
      "integrity": "sha512-npcAtPoPZxM66xb33D47xajruRFLB2c3MaDHZ6ecqDFY7p3Vbo5IbIb7hu+ncZV9oCNBLjgyqwDbcPTwmrv2Mg==",
      "license": "MIT",
      "dependencies": {
        "@minecraft/common": "latest",
        "@minecraft/server": "latest"
      }
    },
    "node_modules/@bedrock-oss/stylish": {
      "version": "0.0.3",
      "resolved": "https://registry.npmjs.org/@bedrock-oss/stylish/-/stylish-0.0.3.tgz",
      "integrity": "sha512-1li+fIQTfjOIX/CTvHxwI307tdz9ZvB9Oh0u0rv5H5k3ezYprajVrPKlDdZ4O58/rKPiSjkcJBSm20vgFh0xPg==",
      "license": "MIT",
      "dependencies": {
        "@minecraft/common": "^1.2.0",
        "@minecraft/server": "^2.1.0"
      },
      "engines": {
        "node": ">=18"
      }
    },
    "node_modules/@minecraft/common": {
      "version": "1.2.0",
      "resolved": "https://registry.npmjs.org/@minecraft/common/-/common-1.2.0.tgz",
      "integrity": "sha512-JdmEq4P3Z/FtoBzhLijFgMSVFnFRrUoLwY8DHHrgtFo0mfLTOLTB1RErYjLMsA6b7BGVNxkX/pfFRiH7QZ0XwQ==",
      "license": "MIT"
    },
    "node_modules/@minecraft/server": {
      "version": "2.4.0",
      "resolved": "https://registry.npmjs.org/@minecraft/server/-/server-2.4.0.tgz",
      "integrity": "sha512-xd9dOWQ4RhPQBCt2aui9tp/GCnjvXpi6ZHVxaUr0SPDHfh/GkMRWnyf2Ud6D3pEThp/0giOEtHY1sx2HN9Qd+A==",
      "license": "MIT",
      "peerDependencies": {
        "@minecraft/common": "^1.2.0",
        "@minecraft/vanilla-data": ">=1.20.70"
      }
    },
    "node_modules/@minecraft/server-ui": {
      "version": "2.0.0",
      "resolved": "https://registry.npmjs.org/@minecraft/server-ui/-/server-ui-2.0.0.tgz",
      "integrity": "sha512-K1xFK1OEJSNfIgyRElaoxDTW/nbEqjBp1YnUdyPCs4kGDglwoXNyFz3wzMOkvT04CJXSifZGcTJeWda4C6OkXw==",
      "license": "MIT",
      "dependencies": {
        "@minecraft/common": "^1.0.0",
        "@minecraft/server": "^2.0.0"
      }
    },
    "node_modules/@minecraft/vanilla-data": {
      "version": "1.21.131",
      "resolved": "https://registry.npmjs.org/@minecraft/vanilla-data/-/vanilla-data-1.21.131.tgz",
      "integrity": "sha512-Ptw6t5mgyOODFmZxpZRRawjfhgcniGNf7kZqxV98RTAJi61tZ6wEMcI9muiWXw5yrNstYcTxJmqVjx1RaZKkxg==",
      "license": "MIT",
      "peer": true
    }
  }
}
